
Microsoft Visual Studio Solution File, Format Version 11.00
# Visual Studio 2010
Project("{FAE04EC0-301F-11D3-BF4B-00C04F79EFBC}") = "Assembly-CSharp", "Assembly-CSharp.csproj", "{8A55BE1D-753C-7A85-C5E2-F8346500618C}"
EndProject
Project("{FAE04EC0-301F-11D3-BF4B-00C04F79EFBC}") = "Assembly-CSharp-Editor", "Assembly-CSharp-Editor.csproj", "{DB21E7B2-25F8-E173-C77F-903707FD3CD2}"
EndProject
Global
	GlobalSection(SolutionConfigurationPlatforms) = preSolution
		Debug|Any CPU = Debug|Any CPU
		Release|Any CPU = Release|Any CPU
	EndGlobalSection
	GlobalSection(ProjectConfigurationPlatforms) = postSolution
		{8A55BE1D-753C-7A85-C5E2-F8346500618C}.Debug|Any CPU.ActiveCfg = Debug|Any CPU
		{8A55BE1D-753C-7A85-C5E2-F8346500618C}.Debug|Any CPU.Build.0 = Debug|Any CPU
		{8A55BE1D-753C-7A85-C5E2-F8346500618C}.Release|Any CPU.ActiveCfg = Release|Any CPU
		{8A55BE1D-753C-7A85-C5E2-F8346500618C}.Release|Any CPU.Build.0 = Release|Any CPU
		{DB21E7B2-25F8-E173-C77F-903707FD3CD2}.Debug|Any CPU.ActiveCfg = Debug|Any CPU
		{DB21E7B2-25F8-E173-C77F-903707FD3CD2}.Debug|Any CPU.Build.0 = Debug|Any CPU
		{DB21E7B2-25F8-E173-C77F-903707FD3CD2}.Release|Any CPU.ActiveCfg = Release|Any CPU
		{DB21E7B2-25F8-E173-C77F-903707FD3CD2}.Release|Any CPU.Build.0 = Release|Any CPU
	EndGlobalSection
	GlobalSection(SolutionProperties) = preSolution
		HideSolutionNode = FALSE
	EndGlobalSection
EndGlobal
